
Microsoft Visual Studio Solution File, Format Version 12.00
# Visual Studio Version 16
VisualStudioVersion = 16.0.30804.86
MinimumVisualStudioVersion = 10.0.40219.1
Project("{9A19103F-16F7-4668-BE54-9A1E7A4F7556}") = "NilDev.MethodState", "NilDev.MethodState\NilDev.MethodState.csproj", "{DEF1C6F3-7566-4AED-8F89-3AA3A75A5F7E}"
EndProject
Project("{9A19103F-16F7-4668-BE54-9A1E7A4F7556}") = "MethodState.AutoGenerator", "MethodState.AutoGenerator\MethodState.AutoGenerator.csproj", "{2206062A-F4A6-4511-9A9F-A6FBD067D1C6}"
EndProject
Project("{FAE04EC0-301F-11D3-BF4B-00C04F79EFBC}") = "Nildev.MethodState.Samples.NetCoreConsole", "Nildev.MethodState.Samples.NetCoreConsole\Nildev.MethodState.Samples.NetCoreConsole.csproj", "{11A26FFE-F295-49AB-AE9C-4AC69714AF2F}"
EndProject
Global
	GlobalSection(SolutionConfigurationPlatforms) = preSolution
		Debug|Any CPU = Debug|Any CPU
		Release|Any CPU = Release|Any CPU
	EndGlobalSection
	GlobalSection(ProjectConfigurationPlatforms) = postSolution
		{DEF1C6F3-7566-4AED-8F89-3AA3A75A5F7E}.Debug|Any CPU.ActiveCfg = Debug|Any CPU
		{DEF1C6F3-7566-4AED-8F89-3AA3A75A5F7E}.Debug|Any CPU.Build.0 = Debug|Any CPU
		{DEF1C6F3-7566-4AED-8F89-3AA3A75A5F7E}.Release|Any CPU.ActiveCfg = Release|Any CPU
		{DEF1C6F3-7566-4AED-8F89-3AA3A75A5F7E}.Release|Any CPU.Build.0 = Release|Any CPU
		{2206062A-F4A6-4511-9A9F-A6FBD067D1C6}.Debug|Any CPU.ActiveCfg = Debug|Any CPU
		{2206062A-F4A6-4511-9A9F-A6FBD067D1C6}.Debug|Any CPU.Build.0 = Debug|Any CPU
		{2206062A-F4A6-4511-9A9F-A6FBD067D1C6}.Release|Any CPU.ActiveCfg = Release|Any CPU
		{2206062A-F4A6-4511-9A9F-A6FBD067D1C6}.Release|Any CPU.Build.0 = Release|Any CPU
		{11A26FFE-F295-49AB-AE9C-4AC69714AF2F}.Debug|Any CPU.ActiveCfg = Debug|Any CPU
		{11A26FFE-F295-49AB-AE9C-4AC69714AF2F}.Debug|Any CPU.Build.0 = Debug|Any CPU
		{11A26FFE-F295-49AB-AE9C-4AC69714AF2F}.Release|Any CPU.ActiveCfg = Release|Any CPU
		{11A26FFE-F295-49AB-AE9C-4AC69714AF2F}.Release|Any CPU.Build.0 = Release|Any CPU
	EndGlobalSection
	GlobalSection(SolutionProperties) = preSolution
		HideSolutionNode = FALSE
	EndGlobalSection
	GlobalSection(ExtensibilityGlobals) = postSolution
		SolutionGuid = {EABA382D-B405-40B4-BF83-BD86C21FD535}
	EndGlobalSection
EndGlobal
